// !$*UTF8*$!
{
	archiveVersion = 1;
	classes = {
	};
	objectVersion = 50;
	objects = {

/* Begin PBXBuildFile section */
		0D0D371E23A25B2D00A39BFB /* BiLuSDK.bundle in Resources */ = {isa = PBXBuildFile; fileRef = 0D0D371D23A25B2D00A39BFB /* BiLuSDK.bundle */; };
		0D405B6C23AB8F29001370EB /* BiLuSDK.framework in Frameworks */ = {isa = PBXBuildFile; fileRef = 0D405B6B23AB8F28001370EB /* BiLuSDK.framework */; };
		0DF8690323AA6BF60011D9E2 /* BUAdSDK.framework in Frameworks */ = {isa = PBXBuildFile; fileRef = 0DF868EA23AA6BF60011D9E2 /* BUAdSDK.framework */; };
		0DF8690423AA6BF60011D9E2 /* GoogleAppMeasurement.framework in Frameworks */ = {isa = PBXBuildFile; fileRef = 0DF868EB23AA6BF60011D9E2 /* GoogleAppMeasurement.framework */; };
		0DF8690523AA6BF60011D9E2 /* NanoPB-LICENSE in Resources */ = {isa = PBXBuildFile; fileRef = 0DF868ED23AA6BF60011D9E2 /* NanoPB-LICENSE */; };
		0DF8690623AA6BF60011D9E2 /* OpenMeasurement-LICENSE in Resources */ = {isa = PBXBuildFile; fileRef = 0DF868EE23AA6BF60011D9E2 /* OpenMeasurement-LICENSE */; };
		0DF8690723AA6BF60011D9E2 /* GoogleUtilities-LICENSE in Resources */ = {isa = PBXBuildFile; fileRef = 0DF868EF23AA6BF60011D9E2 /* GoogleUtilities-LICENSE */; };
		0DF8690823AA6BF60011D9E2 /* GoogleUtilities.framework in Frameworks */ = {isa = PBXBuildFile; fileRef = 0DF868F023AA6BF60011D9E2 /* GoogleUtilities.framework */; };
		0DF8690923AA6BF60011D9E2 /* nanopb.framework in Frameworks */ = {isa = PBXBuildFile; fileRef = 0DF868F123AA6BF60011D9E2 /* nanopb.framework */; };
		0DF8690A23AA6BF60011D9E2 /* GoogleMobileAds.framework in Frameworks */ = {isa = PBXBuildFile; fileRef = 0DF868F223AA6BF60011D9E2 /* GoogleMobileAds.framework */; };
		0DF8690B23AA6BF60011D9E2 /* BUAdSDK.bundle in Resources */ = {isa = PBXBuildFile; fileRef = 0DF868F323AA6BF60011D9E2 /* BUAdSDK.bundle */; };
		0DF8690C23AA6BF60011D9E2 /* AnyThinkSDK.bundle in Resources */ = {isa = PBXBuildFile; fileRef = 0DF868F523AA6BF60011D9E2 /* AnyThinkSDK.bundle */; };
		0DF8690D23AA6BF60011D9E2 /* AnyThinkGDTBannerAdapter.framework in Frameworks */ = {isa = PBXBuildFile; fileRef = 0DF868F623AA6BF60011D9E2 /* AnyThinkGDTBannerAdapter.framework */; };
		0DF8690E23AA6BF60011D9E2 /* AnyThinkTTRewardedVideoAdapter.framework in Frameworks */ = {isa = PBXBuildFile; fileRef = 0DF868F723AA6BF60011D9E2 /* AnyThinkTTRewardedVideoAdapter.framework */; };
		0DF8690F23AA6BF60011D9E2 /* AnyThinkAdmobBannerAdapter.framework in Frameworks */ = {isa = PBXBuildFile; fileRef = 0DF868F823AA6BF60011D9E2 /* AnyThinkAdmobBannerAdapter.framework */; };
		0DF8691023AA6BF60011D9E2 /* AnyThinkBanner.framework in Frameworks */ = {isa = PBXBuildFile; fileRef = 0DF868F923AA6BF60011D9E2 /* AnyThinkBanner.framework */; };
		0DF8691123AA6BF60011D9E2 /* AnyThinkSDK.framework in Frameworks */ = {isa = PBXBuildFile; fileRef = 0DF868FA23AA6BF60011D9E2 /* AnyThinkSDK.framework */; };
		0DF8691223AA6BF60011D9E2 /* AnyThinkInterstitial.framework in Frameworks */ = {isa = PBXBuildFile; fileRef = 0DF868FB23AA6BF60011D9E2 /* AnyThinkInterstitial.framework */; };
		0DF8691323AA6BF60011D9E2 /* AnyThinkTTInterstitialAdapter.framework in Frameworks */ = {isa = PBXBuildFile; fileRef = 0DF868FC23AA6BF60011D9E2 /* AnyThinkTTInterstitialAdapter.framework */; };
		0DF8691423AA6BF60011D9E2 /* AnyThinkTTBannerAdapter.framework in Frameworks */ = {isa = PBXBuildFile; fileRef = 0DF868FD23AA6BF60011D9E2 /* AnyThinkTTBannerAdapter.framework */; };
		0DF8691523AA6BF60011D9E2 /* AnyThinkGDTRewardedVideoAdapter.framework in Frameworks */ = {isa = PBXBuildFile; fileRef = 0DF868FE23AA6BF60011D9E2 /* AnyThinkGDTRewardedVideoAdapter.framework */; };
		0DF8691623AA6BF60011D9E2 /* AnyThinkAdmobRewardedVideoAdapter.framework in Frameworks */ = {isa = PBXBuildFile; fileRef = 0DF868FF23AA6BF60011D9E2 /* AnyThinkAdmobRewardedVideoAdapter.framework */; };
		0DF8691723AA6BF60011D9E2 /* AnyThinkGDTInterstitialAdapter.framework in Frameworks */ = {isa = PBXBuildFile; fileRef = 0DF8690023AA6BF60011D9E2 /* AnyThinkGDTInterstitialAdapter.framework */; };
		0DF8691823AA6BF60011D9E2 /* AnyThinkRewardedVideo.framework in Frameworks */ = {isa = PBXBuildFile; fileRef = 0DF8690123AA6BF60011D9E2 /* AnyThinkRewardedVideo.framework */; };
		0DF8691923AA6BF60011D9E2 /* AnyThinkAdmobInterstitialAdapter.framework in Frameworks */ = {isa = PBXBuildFile; fileRef = 0DF8690223AA6BF60011D9E2 /* AnyThinkAdmobInterstitialAdapter.framework */; };
		0DF8691D23AA6D3C0011D9E2 /* StoreKit.framework in Frameworks */ = {isa = PBXBuildFile; fileRef = 0DF8691C23AA6D3C0011D9E2 /* StoreKit.framework */; };
		0DF8691F23AA6D8C0011D9E2 /* Accelerate.framework in Frameworks */ = {isa = PBXBuildFile; fileRef = 0DF8691E23AA6D8C0011D9E2 /* Accelerate.framework */; };
		0DF8692123AA6DA10011D9E2 /* libsqlite3.tbd in Frameworks */ = {isa = PBXBuildFile; fileRef = 0DF8692023AA6DA10011D9E2 /* libsqlite3.tbd */; };
		0DF8692323AA6DAA0011D9E2 /* ImageIO.framework in Frameworks */ = {isa = PBXBuildFile; fileRef = 0DF8692223AA6DAA0011D9E2 /* ImageIO.framework */; };
		373B153C235EA01A00E7DF4F /* CoreLocation.framework in Frameworks */ = {isa = PBXBuildFile; fileRef = 373B153B235EA01A00E7DF4F /* CoreLocation.framework */; };
		373B153E235EA02400E7DF4F /* QuartzCore.framework in Frameworks */ = {isa = PBXBuildFile; fileRef = 373B153D235EA02400E7DF4F /* QuartzCore.framework */; };
		373B1540235EA02D00E7DF4F /* libxml2.tbd in Frameworks */ = {isa = PBXBuildFile; fileRef = 373B153F235EA02D00E7DF4F /* libxml2.tbd */; };
		379AC937237A9AEE003E9891 /* PayViewController.m in Sources */ = {isa = PBXBuildFile; fileRef = 379AC936237A9AEE003E9891 /* PayViewController.m */; };
		379AC93A237A9D99003E9891 /* AppStorePay.m in Sources */ = {isa = PBXBuildFile; fileRef = 379AC938237A9D99003E9891 /* AppStorePay.m */; };
		37B0D1EB2351A6820034A81A /* AppDelegate.m in Sources */ = {isa = PBXBuildFile; fileRef = 37B0D1EA2351A6820034A81A /* AppDelegate.m */; };
		37B0D1EE2351A6820034A81A /* ViewController.m in Sources */ = {isa = PBXBuildFile; fileRef = 37B0D1ED2351A6820034A81A /* ViewController.m */; };
		37B0D1F12351A6820034A81A /* Main.storyboard in Resources */ = {isa = PBXBuildFile; fileRef = 37B0D1EF2351A6820034A81A /* Main.storyboard */; };
		37B0D1F32351A6830034A81A /* Assets.xcassets in Resources */ = {isa = PBXBuildFile; fileRef = 37B0D1F22351A6830034A81A /* Assets.xcassets */; };
		37B0D1F62351A6830034A81A /* LaunchScreen.storyboard in Resources */ = {isa = PBXBuildFile; fileRef = 37B0D1F42351A6830034A81A /* LaunchScreen.storyboard */; };
		37B0D1F92351A6830034A81A /* main.m in Sources */ = {isa = PBXBuildFile; fileRef = 37B0D1F82351A6830034A81A /* main.m */; };
		37B0D2032351A6830034A81A /* BiLuSDKDemoTests.m in Sources */ = {isa = PBXBuildFile; fileRef = 37B0D2022351A6830034A81A /* BiLuSDKDemoTests.m */; };
		37B0D2552351A7380034A81A /* MobileCoreServices.framework in Frameworks */ = {isa = PBXBuildFile; fileRef = 37B0D2542351A7380034A81A /* MobileCoreServices.framework */; };
		37B0D2572351A73F0034A81A /* WebKit.framework in Frameworks */ = {isa = PBXBuildFile; fileRef = 37B0D2562351A73F0034A81A /* WebKit.framework */; };
		37B0D2592351A7480034A81A /* MediaPlayer.framework in Frameworks */ = {isa = PBXBuildFile; fileRef = 37B0D2582351A7470034A81A /* MediaPlayer.framework */; };
		37B0D25B2351A74E0034A81A /* CoreMedia.framework in Frameworks */ = {isa = PBXBuildFile; fileRef = 37B0D25A2351A74E0034A81A /* CoreMedia.framework */; };
		37B0D25D2351A7550034A81A /* AVFoundation.framework in Frameworks */ = {isa = PBXBuildFile; fileRef = 37B0D25C2351A7550034A81A /* AVFoundation.framework */; };
		37B0D25F2351A7600034A81A /* CoreTelephony.framework in Frameworks */ = {isa = PBXBuildFile; fileRef = 37B0D25E2351A7600034A81A /* CoreTelephony.framework */; };
		37B0D2612351A7670034A81A /* SystemConfiguration.framework in Frameworks */ = {isa = PBXBuildFile; fileRef = 37B0D2602351A7660034A81A /* SystemConfiguration.framework */; };
		37B0D2632351A7710034A81A /* AdSupport.framework in Frameworks */ = {isa = PBXBuildFile; fileRef = 37B0D2622351A7710034A81A /* AdSupport.framework */; };
		37B0D2652351A77A0034A81A /* CoreMotion.framework in Frameworks */ = {isa = PBXBuildFile; fileRef = 37B0D2642351A77A0034A81A /* CoreMotion.framework */; };
		37B0D2672351A7830034A81A /* libz.tbd in Frameworks */ = {isa = PBXBuildFile; fileRef = 37B0D2662351A7830034A81A /* libz.tbd */; };
		37B0D2692351A78B0034A81A /* libc++.tbd in Frameworks */ = {isa = PBXBuildFile; fileRef = 37B0D2682351A78B0034A81A /* libc++.tbd */; };
		37B0D26B2351A7930034A81A /* libresolv.9.tbd in Frameworks */ = {isa = PBXBuildFile; fileRef = 37B0D26A2351A7930034A81A /* libresolv.9.tbd */; };
		37EE50692351B488007FB338 /* ShareSDKConnector.framework in Frameworks */ = {isa = PBXBuildFile; fileRef = 37EE50462351B488007FB338 /* ShareSDKConnector.framework */; };
		37EE506A2351B488007FB338 /* ShareSDK.bundle in Resources */ = {isa = PBXBuildFile; fileRef = 37EE50472351B488007FB338 /* ShareSDK.bundle */; };
		37EE506B2351B488007FB338 /* MOBFoundation.framework in Frameworks */ = {isa = PBXBuildFile; fileRef = 37EE50482351B488007FB338 /* MOBFoundation.framework */; };
		37EE506C2351B488007FB338 /* ShareSDK.framework in Frameworks */ = {isa = PBXBuildFile; fileRef = 37EE50492351B488007FB338 /* ShareSDK.framework */; };
		37EE506D2351B488007FB338 /* ShareSDKUI.bundle in Resources */ = {isa = PBXBuildFile; fileRef = 37EE504B2351B488007FB338 /* ShareSDKUI.bundle */; };
		37EE506E2351B488007FB338 /* ShareSDKExtension.framework in Frameworks */ = {isa = PBXBuildFile; fileRef = 37EE504C2351B488007FB338 /* ShareSDKExtension.framework */; };
		37EE506F2351B488007FB338 /* MobLinkPro.framework in Frameworks */ = {isa = PBXBuildFile; fileRef = 37EE504D2351B488007FB338 /* MobLinkPro.framework */; };
		37EE50702351B488007FB338 /* ShareSDKUI.framework in Frameworks */ = {isa = PBXBuildFile; fileRef = 37EE504E2351B488007FB338 /* ShareSDKUI.framework */; };
		37EE50712351B488007FB338 /* QQConnector.framework in Frameworks */ = {isa = PBXBuildFile; fileRef = 37EE50502351B488007FB338 /* QQConnector.framework */; };
		37EE50722351B488007FB338 /* WechatConnector.framework in Frameworks */ = {isa = PBXBuildFile; fileRef = 37EE50512351B488007FB338 /* WechatConnector.framework */; };
/* End PBXBuildFile section */

/* Begin PBXContainerItemProxy section */
		37B0D1FF2351A6830034A81A /* PBXContainerItemProxy */ = {
			isa = PBXContainerItemProxy;
			containerPortal = 37B0D1DE2351A6820034A81A /* Project object */;
			proxyType = 1;
			remoteGlobalIDString = 37B0D1E52351A6820034A81A;
			remoteInfo = BiLuSDKDemo;
		};
/* End PBXContainerItemProxy section */

/* Begin PBXFileReference section */
		0D0D371D23A25B2D00A39BFB /* BiLuSDK.bundle */ = {isa = PBXFileReference; lastKnownFileType = "wrapper.plug-in"; path = BiLuSDK.bundle; sourceTree = "<group>"; };
		0D405B6B23AB8F28001370EB /* BiLuSDK.framework */ = {isa = PBXFileReference; lastKnownFileType = wrapper.framework; path = BiLuSDK.framework; sourceTree = "<group>"; };
		0DF868EA23AA6BF60011D9E2 /* BUAdSDK.framework */ = {isa = PBXFileReference; lastKnownFileType = wrapper.framework; path = BUAdSDK.framework; sourceTree = "<group>"; };
		0DF868EB23AA6BF60011D9E2 /* GoogleAppMeasurement.framework */ = {isa = PBXFileReference; lastKnownFileType = wrapper.framework; path = GoogleAppMeasurement.framework; sourceTree = "<group>"; };
		0DF868ED23AA6BF60011D9E2 /* NanoPB-LICENSE */ = {isa = PBXFileReference; fileEncoding = 4; lastKnownFileType = text; path = "NanoPB-LICENSE"; sourceTree = "<group>"; };
		0DF868EE23AA6BF60011D9E2 /* OpenMeasurement-LICENSE */ = {isa = PBXFileReference; fileEncoding = 4; lastKnownFileType = text; path = "OpenMeasurement-LICENSE"; sourceTree = "<group>"; };
		0DF868EF23AA6BF60011D9E2 /* GoogleUtilities-LICENSE */ = {isa = PBXFileReference; fileEncoding = 4; lastKnownFileType = text; path = "GoogleUtilities-LICENSE"; sourceTree = "<group>"; };
		0DF868F023AA6BF60011D9E2 /* GoogleUtilities.framework */ = {isa = PBXFileReference; lastKnownFileType = wrapper.framework; path = GoogleUtilities.framework; sourceTree = "<group>"; };
		0DF868F123AA6BF60011D9E2 /* nanopb.framework */ = {isa = PBXFileReference; lastKnownFileType = wrapper.framework; path = nanopb.framework; sourceTree = "<group>"; };
		0DF868F223AA6BF60011D9E2 /* GoogleMobileAds.framework */ = {isa = PBXFileReference; lastKnownFileType = wrapper.framework; path = GoogleMobileAds.framework; sourceTree = "<group>"; };
		0DF868F323AA6BF60011D9E2 /* BUAdSDK.bundle */ = {isa = PBXFileReference; lastKnownFileType = "wrapper.plug-in"; path = BUAdSDK.bundle; sourceTree = "<group>"; };
		0DF868F523AA6BF60011D9E2 /* AnyThinkSDK.bundle */ = {isa = PBXFileReference; lastKnownFileType = "wrapper.plug-in"; path = AnyThinkSDK.bundle; sourceTree = "<group>"; };
		0DF868F623AA6BF60011D9E2 /* AnyThinkGDTBannerAdapter.framework */ = {isa = PBXFileReference; lastKnownFileType = wrapper.framework; path = AnyThinkGDTBannerAdapter.framework; sourceTree = "<group>"; };
		0DF868F723AA6BF60011D9E2 /* AnyThinkTTRewardedVideoAdapter.framework */ = {isa = PBXFileReference; lastKnownFileType = wrapper.framework; path = AnyThinkTTRewardedVideoAdapter.framework; sourceTree = "<group>"; };
		0DF868F823AA6BF60011D9E2 /* AnyThinkAdmobBannerAdapter.framework */ = {isa = PBXFileReference; lastKnownFileType = wrapper.framework; path = AnyThinkAdmobBannerAdapter.framework; sourceTree = "<group>"; };
		0DF868F923AA6BF60011D9E2 /* AnyThinkBanner.framework */ = {isa = PBXFileReference; lastKnownFileType = wrapper.framework; path = AnyThinkBanner.framework; sourceTree = "<group>"; };
		0DF868FA23AA6BF60011D9E2 /* AnyThinkSDK.framework */ = {isa = PBXFileReference; lastKnownFileType = wrapper.framework; path = AnyThinkSDK.framework; sourceTree = "<group>"; };
		0DF868FB23AA6BF60011D9E2 /* AnyThinkInterstitial.framework */ = {isa = PBXFileReference; lastKnownFileType = wrapper.framework; path = AnyThinkInterstitial.framework; sourceTree = "<group>"; };
		0DF868FC23AA6BF60011D9E2 /* AnyThinkTTInterstitialAdapter.framework */ = {isa = PBXFileReference; lastKnownFileType = wrapper.framework; path = AnyThinkTTInterstitialAdapter.framework; sourceTree = "<group>"; };
		0DF868FD23AA6BF60011D9E2 /* AnyThinkTTBannerAdapter.framework */ = {isa = PBXFileReference; lastKnownFileType = wrapper.framework; path = AnyThinkTTBannerAdapter.framework; sourceTree = "<group>"; };
		0DF868FE23AA6BF60011D9E2 /* AnyThinkGDTRewardedVideoAdapter.framework */ = {isa = PBXFileReference; lastKnownFileType = wrapper.framework; path = AnyThinkGDTRewardedVideoAdapter.framework; sourceTree = "<group>"; };
		0DF868FF23AA6BF60011D9E2 /* AnyThinkAdmobRewardedVideoAdapter.framework */ = {isa = PBXFileReference; lastKnownFileType = wrapper.framework; path = AnyThinkAdmobRewardedVideoAdapter.framework; sourceTree = "<group>"; };
		0DF8690023AA6BF60011D9E2 /* AnyThinkGDTInterstitialAdapter.framework */ = {isa = PBXFileReference; lastKnownFileType = wrapper.framework; path = AnyThinkGDTInterstitialAdapter.framework; sourceTree = "<group>"; };
		0DF8690123AA6BF60011D9E2 /* AnyThinkRewardedVideo.framework */ = {isa = PBXFileReference; lastKnownFileType = wrapper.framework; path = AnyThinkRewardedVideo.framework; sourceTree = "<group>"; };
		0DF8690223AA6BF60011D9E2 /* AnyThinkAdmobInterstitialAdapter.framework */ = {isa = PBXFileReference; lastKnownFileType = wrapper.framework; path = AnyThinkAdmobInterstitialAdapter.framework; sourceTree = "<group>"; };
		0DF8691C23AA6D3C0011D9E2 /* StoreKit.framework */ = {isa = PBXFileReference; lastKnownFileType = wrapper.framework; name = StoreKit.framework; path = System/Library/Frameworks/StoreKit.framework; sourceTree = SDKROOT; };
		0DF8691E23AA6D8C0011D9E2 /* Accelerate.framework */ = {isa = PBXFileReference; lastKnownFileType = wrapper.framework; name = Accelerate.framework; path = System/Library/Frameworks/Accelerate.framework; sourceTree = SDKROOT; };
		0DF8692023AA6DA10011D9E2 /* libsqlite3.tbd */ = {isa = PBXFileReference; lastKnownFileType = "sourcecode.text-based-dylib-definition"; name = libsqlite3.tbd; path = usr/lib/libsqlite3.tbd; sourceTree = SDKROOT; };
		0DF8692223AA6DAA0011D9E2 /* ImageIO.framework */ = {isa = PBXFileReference; lastKnownFileType = wrapper.framework; name = ImageIO.framework; path = System/Library/Frameworks/ImageIO.framework; sourceTree = SDKROOT; };
		373B153B235EA01A00E7DF4F /* CoreLocation.framework */ = {isa = PBXFileReference; lastKnownFileType = wrapper.framework; name = CoreLocation.framework; path = System/Library/Frameworks/CoreLocation.framework; sourceTree = SDKROOT; };
		373B153D235EA02400E7DF4F /* QuartzCore.framework */ = {isa = PBXFileReference; lastKnownFileType = wrapper.framework; name = QuartzCore.framework; path = System/Library/Frameworks/QuartzCore.framework; sourceTree = SDKROOT; };
		373B153F235EA02D00E7DF4F /* libxml2.tbd */ = {isa = PBXFileReference; lastKnownFileType = "sourcecode.text-based-dylib-definition"; name = libxml2.tbd; path = usr/lib/libxml2.tbd; sourceTree = SDKROOT; };
		379AC935237A9AEE003E9891 /* PayViewController.h */ = {isa = PBXFileReference; fileEncoding = 4; lastKnownFileType = sourcecode.c.h; path = PayViewController.h; sourceTree = "<group>"; };
		379AC936237A9AEE003E9891 /* PayViewController.m */ = {isa = PBXFileReference; fileEncoding = 4; lastKnownFileType = sourcecode.c.objc; path = PayViewController.m; sourceTree = "<group>"; };
		379AC938237A9D99003E9891 /* AppStorePay.m */ = {isa = PBXFileReference; fileEncoding = 4; lastKnownFileType = sourcecode.c.objc; path = AppStorePay.m; sourceTree = "<group>"; };
		379AC939237A9D99003E9891 /* AppStorePay.h */ = {isa = PBXFileReference; fileEncoding = 4; lastKnownFileType = sourcecode.c.h; path = AppStorePay.h; sourceTree = "<group>"; };
		37B0D1E62351A6820034A81A /* BiLuSDKDemo.app */ = {isa = PBXFileReference; explicitFileType = wrapper.application; includeInIndex = 0; path = BiLuSDKDemo.app; sourceTree = BUILT_PRODUCTS_DIR; };
		37B0D1E92351A6820034A81A /* AppDelegate.h */ = {isa = PBXFileReference; lastKnownFileType = sourcecode.c.h; path = AppDelegate.h; sourceTree = "<group>"; };
		37B0D1EA2351A6820034A81A /* AppDelegate.m */ = {isa = PBXFileReference; lastKnownFileType = sourcecode.c.objc; path = AppDelegate.m; sourceTree = "<group>"; };
		37B0D1EC2351A6820034A81A /* ViewController.h */ = {isa = PBXFileReference; lastKnownFileType = sourcecode.c.h; path = ViewController.h; sourceTree = "<group>"; };
		37B0D1ED2351A6820034A81A /* ViewController.m */ = {isa = PBXFileReference; lastKnownFileType = sourcecode.c.objc; path = ViewController.m; sourceTree = "<group>"; };
		37B0D1F02351A6820034A81A /* Base */ = {isa = PBXFileReference; lastKnownFileType = file.storyboard; name = Base; path = Base.lproj/Main.storyboard; sourceTree = "<group>"; };
		37B0D1F22351A6830034A81A /* Assets.xcassets */ = {isa = PBXFileReference; lastKnownFileType = folder.assetcatalog; path = Assets.xcassets; sourceTree = "<group>"; };
		37B0D1F52351A6830034A81A /* Base */ = {isa = PBXFileReference; lastKnownFileType = file.storyboard; name = Base; path = Base.lproj/LaunchScreen.storyboard; sourceTree = "<group>"; };
		37B0D1F72351A6830034A81A /* Info.plist */ = {isa = PBXFileReference; lastKnownFileType = text.plist.xml; path = Info.plist; sourceTree = "<group>"; };
		37B0D1F82351A6830034A81A /* main.m */ = {isa = PBXFileReference; lastKnownFileType = sourcecode.c.objc; path = main.m; sourceTree = "<group>"; };
		37B0D1FE2351A6830034A81A /* BiLuSDKDemoTests.xctest */ = {isa = PBXFileReference; explicitFileType = wrapper.cfbundle; includeInIndex = 0; path = BiLuSDKDemoTests.xctest; sourceTree = BUILT_PRODUCTS_DIR; };
		37B0D2022351A6830034A81A /* BiLuSDKDemoTests.m */ = {isa = PBXFileReference; lastKnownFileType = sourcecode.c.objc; path = BiLuSDKDemoTests.m; sourceTree = "<group>"; };
		37B0D2042351A6830034A81A /* Info.plist */ = {isa = PBXFileReference; lastKnownFileType = text.plist.xml; path = Info.plist; sourceTree = "<group>"; };
		37B0D2542351A7380034A81A /* MobileCoreServices.framework */ = {isa = PBXFileReference; lastKnownFileType = wrapper.framework; name = MobileCoreServices.framework; path = System/Library/Frameworks/MobileCoreServices.framework; sourceTree = SDKROOT; };
		37B0D2562351A73F0034A81A /* WebKit.framework */ = {isa = PBXFileReference; lastKnownFileType = wrapper.framework; name = WebKit.framework; path = System/Library/Frameworks/WebKit.framework; sourceTree = SDKROOT; };
		37B0D2582351A7470034A81A /* MediaPlayer.framework */ = {isa = PBXFileReference; lastKnownFileType = wrapper.framework; name = MediaPlayer.framework; path = System/Library/Frameworks/MediaPlayer.framework; sourceTree = SDKROOT; };
		37B0D25A2351A74E0034A81A /* CoreMedia.framework */ = {isa = PBXFileReference; lastKnownFileType = wrapper.framework; name = CoreMedia.framework; path = System/Library/Frameworks/CoreMedia.framework; sourceTree = SDKROOT; };
		37B0D25C2351A7550034A81A /* AVFoundation.framework */ = {isa = PBXFileReference; lastKnownFileType = wrapper.framework; name = AVFoundation.framework; path = System/Library/Frameworks/AVFoundation.framework; sourceTree = SDKROOT; };
		37B0D25E2351A7600034A81A /* CoreTelephony.framework */ = {isa = PBXFileReference; lastKnownFileType = wrapper.framework; name = CoreTelephony.framework; path = System/Library/Frameworks/CoreTelephony.framework; sourceTree = SDKROOT; };
		37B0D2602351A7660034A81A /* SystemConfiguration.framework */ = {isa = PBXFileReference; lastKnownFileType = wrapper.framework; name = SystemConfiguration.framework; path = System/Library/Frameworks/SystemConfiguration.framework; sourceTree = SDKROOT; };
		37B0D2622351A7710034A81A /* AdSupport.framework */ = {isa = PBXFileReference; lastKnownFileType = wrapper.framework; name = AdSupport.framework; path = System/Library/Frameworks/AdSupport.framework; sourceTree = SDKROOT; };
		37B0D2642351A77A0034A81A /* CoreMotion.framework */ = {isa = PBXFileReference; lastKnownFileType = wrapper.framework; name = CoreMotion.framework; path = System/Library/Frameworks/CoreMotion.framework; sourceTree = SDKROOT; };
		37B0D2662351A7830034A81A /* libz.tbd */ = {isa = PBXFileReference; lastKnownFileType = "sourcecode.text-based-dylib-definition"; name = libz.tbd; path = usr/lib/libz.tbd; sourceTree = SDKROOT; };
		37B0D2682351A78B0034A81A /* libc++.tbd */ = {isa = PBXFileReference; lastKnownFileType = "sourcecode.text-based-dylib-definition"; name = "libc++.tbd"; path = "usr/lib/libc++.tbd"; sourceTree = SDKROOT; };
		37B0D26A2351A7930034A81A /* libresolv.9.tbd */ = {isa = PBXFileReference; lastKnownFileType = "sourcecode.text-based-dylib-definition"; name = libresolv.9.tbd; path = usr/lib/libresolv.9.tbd; sourceTree = SDKROOT; };
		37EE50462351B488007FB338 /* ShareSDKConnector.framework */ = {isa = PBXFileReference; lastKnownFileType = wrapper.framework; path = ShareSDKConnector.framework; sourceTree = "<group>"; };
		37EE50472351B488007FB338 /* ShareSDK.bundle */ = {isa = PBXFileReference; lastKnownFileType = "wrapper.plug-in"; path = ShareSDK.bundle; sourceTree = "<group>"; };
		37EE50482351B488007FB338 /* MOBFoundation.framework */ = {isa = PBXFileReference; lastKnownFileType = wrapper.framework; path = MOBFoundation.framework; sourceTree = "<group>"; };
		37EE50492351B488007FB338 /* ShareSDK.framework */ = {isa = PBXFileReference; lastKnownFileType = wrapper.framework; path = ShareSDK.framework; sourceTree = "<group>"; };
		37EE504B2351B488007FB338 /* ShareSDKUI.bundle */ = {isa = PBXFileReference; lastKnownFileType = "wrapper.plug-in"; path = ShareSDKUI.bundle; sourceTree = "<group>"; };
		37EE504C2351B488007FB338 /* ShareSDKExtension.framework */ = {isa = PBXFileReference; lastKnownFileType = wrapper.framework; path = ShareSDKExtension.framework; sourceTree = "<group>"; };
		37EE504D2351B488007FB338 /* MobLinkPro.framework */ = {isa = PBXFileReference; lastKnownFileType = wrapper.framework; path = MobLinkPro.framework; sourceTree = "<group>"; };
		37EE504E2351B488007FB338 /* ShareSDKUI.framework */ = {isa = PBXFileReference; lastKnownFileType = wrapper.framework; path = ShareSDKUI.framework; sourceTree = "<group>"; };
		37EE50502351B488007FB338 /* QQConnector.framework */ = {isa = PBXFileReference; lastKnownFileType = wrapper.framework; path = QQConnector.framework; sourceTree = "<group>"; };
		37EE50512351B488007FB338 /* WechatConnector.framework */ = {isa = PBXFileReference; lastKnownFileType = wrapper.framework; path = WechatConnector.framework; sourceTree = "<group>"; };
/* End PBXFileReference section */

/* Begin PBXFrameworksBuildPhase section */
		37B0D1E32351A6820034A81A /* Frameworks */ = {
			isa = PBXFrameworksBuildPhase;
			buildActionMask = 2147483647;
			files = (
				37B0D2672351A7830034A81A /* libz.tbd in Frameworks */,
				0DF8692323AA6DAA0011D9E2 /* ImageIO.framework in Frameworks */,
				0DF8692123AA6DA10011D9E2 /* libsqlite3.tbd in Frameworks */,
				37B0D2692351A78B0034A81A /* libc++.tbd in Frameworks */,
				37B0D26B2351A7930034A81A /* libresolv.9.tbd in Frameworks */,
				0DF8691F23AA6D8C0011D9E2 /* Accelerate.framework in Frameworks */,
				37B0D2652351A77A0034A81A /* CoreMotion.framework in Frameworks */,
				37B0D2632351A7710034A81A /* AdSupport.framework in Frameworks */,
				37B0D2612351A7670034A81A /* SystemConfiguration.framework in Frameworks */,
				37B0D25F2351A7600034A81A /* CoreTelephony.framework in Frameworks */,
				37B0D25D2351A7550034A81A /* AVFoundation.framework in Frameworks */,
				373B153C235EA01A00E7DF4F /* CoreLocation.framework in Frameworks */,
				37B0D25B2351A74E0034A81A /* CoreMedia.framework in Frameworks */,
				37B0D2592351A7480034A81A /* MediaPlayer.framework in Frameworks */,
				37B0D2572351A73F0034A81A /* WebKit.framework in Frameworks */,
				37B0D2552351A7380034A81A /* MobileCoreServices.framework in Frameworks */,
				0DF8691D23AA6D3C0011D9E2 /* StoreKit.framework in Frameworks */,
				0DF8690F23AA6BF60011D9E2 /* AnyThinkAdmobBannerAdapter.framework in Frameworks */,
				373B1540235EA02D00E7DF4F /* libxml2.tbd in Frameworks */,
				373B153E235EA02400E7DF4F /* QuartzCore.framework in Frameworks */,
				0DF8691423AA6BF60011D9E2 /* AnyThinkTTBannerAdapter.framework in Frameworks */,
				37EE50722351B488007FB338 /* WechatConnector.framework in Frameworks */,
				0DF8690423AA6BF60011D9E2 /* GoogleAppMeasurement.framework in Frameworks */,
				0DF8690A23AA6BF60011D9E2 /* GoogleMobileAds.framework in Frameworks */,
				0DF8691023AA6BF60011D9E2 /* AnyThinkBanner.framework in Frameworks */,
				0DF8691523AA6BF60011D9E2 /* AnyThinkGDTRewardedVideoAdapter.framework in Frameworks */,
				0DF8691323AA6BF60011D9E2 /* AnyThinkTTInterstitialAdapter.framework in Frameworks */,
				0DF8691823AA6BF60011D9E2 /* AnyThinkRewardedVideo.framework in Frameworks */,
				0DF8691623AA6BF60011D9E2 /* AnyThinkAdmobRewardedVideoAdapter.framework in Frameworks */,
				0D405B6C23AB8F29001370EB /* BiLuSDK.framework in Frameworks */,
				0DF8690323AA6BF60011D9E2 /* BUAdSDK.framework in Frameworks */,
				0DF8690E23AA6BF60011D9E2 /* AnyThinkTTRewardedVideoAdapter.framework in Frameworks */,
				0DF8690923AA6BF60011D9E2 /* nanopb.framework in Frameworks */,
				37EE506C2351B488007FB338 /* ShareSDK.framework in Frameworks */,
				0DF8691723AA6BF60011D9E2 /* AnyThinkGDTInterstitialAdapter.framework in Frameworks */,
				0DF8690D23AA6BF60011D9E2 /* AnyThinkGDTBannerAdapter.framework in Frameworks */,
				37EE506F2351B488007FB338 /* MobLinkPro.framework in Frameworks */,
				37EE50692351B488007FB338 /* ShareSDKConnector.framework in Frameworks */,
				37EE506B2351B488007FB338 /* MOBFoundation.framework in Frameworks */,
				0DF8690823AA6BF60011D9E2 /* GoogleUtilities.framework in Frameworks */,
				37EE50712351B488007FB338 /* QQConnector.framework in Frameworks */,
				0DF8691223AA6BF60011D9E2 /* AnyThinkInterstitial.framework in Frameworks */,
				0DF8691923AA6BF60011D9E2 /* AnyThinkAdmobInterstitialAdapter.framework in Frameworks */,
				37EE50702351B488007FB338 /* ShareSDKUI.framework in Frameworks */,
				0DF8691123AA6BF60011D9E2 /* AnyThinkSDK.framework in Frameworks */,
				37EE506E2351B488007FB338 /* ShareSDKExtension.framework in Frameworks */,
			);
			runOnlyForDeploymentPostprocessing = 0;
		};
		37B0D1FB2351A6830034A81A /* Frameworks */ = {
			isa = PBXFrameworksBuildPhase;
			buildActionMask = 2147483647;
			files = (
			);
			runOnlyForDeploymentPostprocessing = 0;
		};
/* End PBXFrameworksBuildPhase section */

/* Begin PBXGroup section */
		0DF868E923AA6BF60011D9E2 /* AdsSDK */ = {
			isa = PBXGroup;
			children = (
				0DF868EA23AA6BF60011D9E2 /* BUAdSDK.framework */,
				0DF868EB23AA6BF60011D9E2 /* GoogleAppMeasurement.framework */,
				0DF868EC23AA6BF60011D9E2 /* Licenses */,
				0DF868F023AA6BF60011D9E2 /* GoogleUtilities.framework */,
				0DF868F123AA6BF60011D9E2 /* nanopb.framework */,
				0DF868F223AA6BF60011D9E2 /* GoogleMobileAds.framework */,
				0DF868F323AA6BF60011D9E2 /* BUAdSDK.bundle */,
			);
			path = AdsSDK;
			sourceTree = "<group>";
		};
		0DF868EC23AA6BF60011D9E2 /* Licenses */ = {
			isa = PBXGroup;
			children = (
				0DF868ED23AA6BF60011D9E2 /* NanoPB-LICENSE */,
				0DF868EE23AA6BF60011D9E2 /* OpenMeasurement-LICENSE */,
				0DF868EF23AA6BF60011D9E2 /* GoogleUtilities-LICENSE */,
			);
			path = Licenses;
			sourceTree = "<group>";
		};
		0DF868F423AA6BF60011D9E2 /* ArpuSDK */ = {
			isa = PBXGroup;
			children = (
				0DF868F523AA6BF60011D9E2 /* AnyThinkSDK.bundle */,
				0DF868F623AA6BF60011D9E2 /* AnyThinkGDTBannerAdapter.framework */,
				0DF868F723AA6BF60011D9E2 /* AnyThinkTTRewardedVideoAdapter.framework */,
				0DF868F823AA6BF60011D9E2 /* AnyThinkAdmobBannerAdapter.framework */,
				0DF868F923AA6BF60011D9E2 /* AnyThinkBanner.framework */,
				0DF868FA23AA6BF60011D9E2 /* AnyThinkSDK.framework */,
				0DF868FB23AA6BF60011D9E2 /* AnyThinkInterstitial.framework */,
				0DF868FC23AA6BF60011D9E2 /* AnyThinkTTInterstitialAdapter.framework */,
				0DF868FD23AA6BF60011D9E2 /* AnyThinkTTBannerAdapter.framework */,
				0DF868FE23AA6BF60011D9E2 /* AnyThinkGDTRewardedVideoAdapter.framework */,
				0DF868FF23AA6BF60011D9E2 /* AnyThinkAdmobRewardedVideoAdapter.framework */,
				0DF8690023AA6BF60011D9E2 /* AnyThinkGDTInterstitialAdapter.framework */,
				0DF8690123AA6BF60011D9E2 /* AnyThinkRewardedVideo.framework */,
				0DF8690223AA6BF60011D9E2 /* AnyThinkAdmobInterstitialAdapter.framework */,
			);
			path = ArpuSDK;
			sourceTree = "<group>";
		};
		37B0D1DD2351A6820034A81A = {
			isa = PBXGroup;
			children = (
				37B0D1E82351A6820034A81A /* BiLuSDKDemo */,
				37B0D2012351A6830034A81A /* BiLuSDKDemoTests */,
				37B0D1E72351A6820034A81A /* Products */,
				37B0D2512351A71E0034A81A /* Frameworks */,
			);
			sourceTree = "<group>";
		};
		37B0D1E72351A6820034A81A /* Products */ = {
			isa = PBXGroup;
			children = (
				37B0D1E62351A6820034A81A /* BiLuSDKDemo.app */,
				37B0D1FE2351A6830034A81A /* BiLuSDKDemoTests.xctest */,
			);
			name = Products;
			sourceTree = "<group>";
		};
		37B0D1E82351A6820034A81A /* BiLuSDKDemo */ = {
			isa = PBXGroup;
			children = (
				37EE50422351B488007FB338 /* BiLuSDK */,
				37B0D1E92351A6820034A81A /* AppDelegate.h */,
				37B0D1EA2351A6820034A81A /* AppDelegate.m */,
				37B0D1EC2351A6820034A81A /* ViewController.h */,
				37B0D1ED2351A6820034A81A /* ViewController.m */,
				379AC935237A9AEE003E9891 /* PayViewController.h */,
				379AC936237A9AEE003E9891 /* PayViewController.m */,
				379AC939237A9D99003E9891 /* AppStorePay.h */,
				379AC938237A9D99003E9891 /* AppStorePay.m */,
				37B0D1EF2351A6820034A81A /* Main.storyboard */,
				37B0D1F22351A6830034A81A /* Assets.xcassets */,
				37B0D1F42351A6830034A81A /* LaunchScreen.storyboard */,
				37B0D1F72351A6830034A81A /* Info.plist */,
				37B0D1F82351A6830034A81A /* main.m */,
			);
			path = BiLuSDKDemo;
			sourceTree = "<group>";
		};
		37B0D2012351A6830034A81A /* BiLuSDKDemoTests */ = {
			isa = PBXGroup;
			children = (
				37B0D2022351A6830034A81A /* BiLuSDKDemoTests.m */,
				37B0D2042351A6830034A81A /* Info.plist */,
			);
			path = BiLuSDKDemoTests;
			sourceTree = "<group>";
		};
		37B0D2512351A71E0034A81A /* Frameworks */ = {
			isa = PBXGroup;
			children = (
				0DF8692223AA6DAA0011D9E2 /* ImageIO.framework */,
				0DF8692023AA6DA10011D9E2 /* libsqlite3.tbd */,
				0DF8691E23AA6D8C0011D9E2 /* Accelerate.framework */,
				0DF8691C23AA6D3C0011D9E2 /* StoreKit.framework */,
				373B153F235EA02D00E7DF4F /* libxml2.tbd */,
				373B153D235EA02400E7DF4F /* QuartzCore.framework */,
				373B153B235EA01A00E7DF4F /* CoreLocation.framework */,
				37B0D26A2351A7930034A81A /* libresolv.9.tbd */,
				37B0D2682351A78B0034A81A /* libc++.tbd */,
				37B0D2662351A7830034A81A /* libz.tbd */,
				37B0D2642351A77A0034A81A /* CoreMotion.framework */,
				37B0D2622351A7710034A81A /* AdSupport.framework */,
				37B0D2602351A7660034A81A /* SystemConfiguration.framework */,
				37B0D25E2351A7600034A81A /* CoreTelephony.framework */,
				37B0D25C2351A7550034A81A /* AVFoundation.framework */,
				37B0D25A2351A74E0034A81A /* CoreMedia.framework */,
				37B0D2582351A7470034A81A /* MediaPlayer.framework */,
				37B0D2562351A73F0034A81A /* WebKit.framework */,
				37B0D2542351A7380034A81A /* MobileCoreServices.framework */,
			);
			name = Frameworks;
			sourceTree = "<group>";
		};
		37EE50422351B488007FB338 /* BiLuSDK */ = {
			isa = PBXGroup;
			children = (
				0D405B6B23AB8F28001370EB /* BiLuSDK.framework */,
				0DF868E923AA6BF60011D9E2 /* AdsSDK */,
				0DF868F423AA6BF60011D9E2 /* ArpuSDK */,
				0D0D371D23A25B2D00A39BFB /* BiLuSDK.bundle */,
				37EE50442351B488007FB338 /* ShareSupport */,
			);
			path = BiLuSDK;
			sourceTree = "<group>";
		};
		37EE50442351B488007FB338 /* ShareSupport */ = {
			isa = PBXGroup;
			children = (
				37EE50452351B488007FB338 /* Required */,
				37EE504A2351B488007FB338 /* Optional */,
				37EE504F2351B488007FB338 /* PlatformConnector */,
			);
			path = ShareSupport;
			sourceTree = "<group>";
		};
		37EE50452351B488007FB338 /* Required */ = {
			isa = PBXGroup;
			children = (
				37EE50462351B488007FB338 /* ShareSDKConnector.framework */,
				37EE50472351B488007FB338 /* ShareSDK.bundle */,
				37EE50482351B488007FB338 /* MOBFoundation.framework */,
				37EE50492351B488007FB338 /* ShareSDK.framework */,
			);
			path = Required;
			sourceTree = "<group>";
		};
		37EE504A2351B488007FB338 /* Optional */ = {
			isa = PBXGroup;
			children = (
				37EE504B2351B488007FB338 /* ShareSDKUI.bundle */,
				37EE504C2351B488007FB338 /* ShareSDKExtension.framework */,
				37EE504D2351B488007FB338 /* MobLinkPro.framework */,
				37EE504E2351B488007FB338 /* ShareSDKUI.framework */,
			);
			path = Optional;
			sourceTree = "<group>";
		};
		37EE504F2351B488007FB338 /* PlatformConnector */ = {
			isa = PBXGroup;
			children = (
				37EE50502351B488007FB338 /* QQConnector.framework */,
				37EE50512351B488007FB338 /* WechatConnector.framework */,
			);
			path = PlatformConnector;
			sourceTree = "<group>";
		};
/* End PBXGroup section */

/* Begin PBXNativeTarget section */
		37B0D1E52351A6820034A81A /* BiLuSDKDemo */ = {
			isa = PBXNativeTarget;
			buildConfigurationList = 37B0D2072351A6830034A81A /* Build configuration list for PBXNativeTarget "BiLuSDKDemo" */;
			buildPhases = (
				37B0D1E22351A6820034A81A /* Sources */,
				37B0D1E32351A6820034A81A /* Frameworks */,
				37B0D1E42351A6820034A81A /* Resources */,
			);
			buildRules = (
			);
			dependencies = (
			);
			name = BiLuSDKDemo;
			productName = BiLuSDKDemo;
			productReference = 37B0D1E62351A6820034A81A /* BiLuSDKDemo.app */;
			productType = "com.apple.product-type.application";
		};
		37B0D1FD2351A6830034A81A /* BiLuSDKDemoTests */ = {
			isa = PBXNativeTarget;
			buildConfigurationList = 37B0D20A2351A6830034A81A /* Build configuration list for PBXNativeTarget "BiLuSDKDemoTests" */;
			buildPhases = (
				37B0D1FA2351A6830034A81A /* Sources */,
				37B0D1FB2351A6830034A81A /* Frameworks */,
				37B0D1FC2351A6830034A81A /* Resources */,
			);
			buildRules = (
			);
			dependencies = (
				37B0D2002351A6830034A81A /* PBXTargetDependency */,
			);
			name = BiLuSDKDemoTests;
			productName = BiLuSDKDemoTests;
			productReference = 37B0D1FE2351A6830034A81A /* BiLuSDKDemoTests.xctest */;
			productType = "com.apple.product-type.bundle.unit-test";
		};
/* End PBXNativeTarget section */

/* Begin PBXProject section */
		37B0D1DE2351A6820034A81A /* Project object */ = {
			isa = PBXProject;
			attributes = {
				LastUpgradeCheck = 1030;
				ORGANIZATIONNAME = mobile;
				TargetAttributes = {
					37B0D1E52351A6820034A81A = {
						CreatedOnToolsVersion = 10.3;
					};
					37B0D1FD2351A6830034A81A = {
						CreatedOnToolsVersion = 10.3;
						TestTargetID = 37B0D1E52351A6820034A81A;
					};
				};
			};
			buildConfigurationList = 37B0D1E12351A6820034A81A /* Build configuration list for PBXProject "BiLuSDKDemo" */;
			compatibilityVersion = "Xcode 9.3";
			developmentRegion = en;
			hasScannedForEncodings = 0;
			knownRegions = (
				en,
				Base,
			);
			mainGroup = 37B0D1DD2351A6820034A81A;
			productRefGroup = 37B0D1E72351A6820034A81A /* Products */;
			projectDirPath = "";
			projectRoot = "";
			targets = (
				37B0D1E52351A6820034A81A /* BiLuSDKDemo */,
				37B0D1FD2351A6830034A81A /* BiLuSDKDemoTests */,
			);
		};
/* End PBXProject section */

/* Begin PBXResourcesBuildPhase section */
		37B0D1E42351A6820034A81A /* Resources */ = {
			isa = PBXResourcesBuildPhase;
			buildActionMask = 2147483647;
			files = (
				0D0D371E23A25B2D00A39BFB /* BiLuSDK.bundle in Resources */,
				37EE506A2351B488007FB338 /* ShareSDK.bundle in Resources */,
				0DF8690C23AA6BF60011D9E2 /* AnyThinkSDK.bundle in Resources */,
				37B0D1F62351A6830034A81A /* LaunchScreen.storyboard in Resources */,
				0DF8690523AA6BF60011D9E2 /* NanoPB-LICENSE in Resources */,
				0DF8690B23AA6BF60011D9E2 /* BUAdSDK.bundle in Resources */,
				37EE506D2351B488007FB338 /* ShareSDKUI.bundle in Resources */,
				37B0D1F32351A6830034A81A /* Assets.xcassets in Resources */,
				0DF8690723AA6BF60011D9E2 /* GoogleUtilities-LICENSE in Resources */,
				37B0D1F12351A6820034A81A /* Main.storyboard in Resources */,
				0DF8690623AA6BF60011D9E2 /* OpenMeasurement-LICENSE in Resources */,
			);
			runOnlyForDeploymentPostprocessing = 0;
		};
		37B0D1FC2351A6830034A81A /* Resources */ = {
			isa = PBXResourcesBuildPhase;
			buildActionMask = 2147483647;
			files = (
			);
			runOnlyForDeploymentPostprocessing = 0;
		};
/* End PBXResourcesBuildPhase section */

/* Begin PBXSourcesBuildPhase section */
		37B0D1E22351A6820034A81A /* Sources */ = {
			isa = PBXSourcesBuildPhase;
			buildActionMask = 2147483647;
			files = (
				37B0D1EE2351A6820034A81A /* ViewController.m in Sources */,
				37B0D1F92351A6830034A81A /* main.m in Sources */,
				379AC93A237A9D99003E9891 /* AppStorePay.m in Sources */,
				37B0D1EB2351A6820034A81A /* AppDelegate.m in Sources */,
				379AC937237A9AEE003E9891 /* PayViewController.m in Sources */,
			);
			runOnlyForDeploymentPostprocessing = 0;
		};
		37B0D1FA2351A6830034A81A /* Sources */ = {
			isa = PBXSourcesBuildPhase;
			buildActionMask = 2147483647;
			files = (
				37B0D2032351A6830034A81A /* BiLuSDKDemoTests.m in Sources */,
			);
			runOnlyForDeploymentPostprocessing = 0;
		};
/* End PBXSourcesBuildPhase section */

/* Begin PBXTargetDependency section */
		37B0D2002351A6830034A81A /* PBXTargetDependency */ = {
			isa = PBXTargetDependency;
			target = 37B0D1E52351A6820034A81A /* BiLuSDKDemo */;
			targetProxy = 37B0D1FF2351A6830034A81A /* PBXContainerItemProxy */;
		};
/* End PBXTargetDependency section */

/* Begin PBXVariantGroup section */
		37B0D1EF2351A6820034A81A /* Main.storyboard */ = {
			isa = PBXVariantGroup;
			children = (
				37B0D1F02351A6820034A81A /* Base */,
			);
			name = Main.storyboard;
			sourceTree = "<group>";
		};
		37B0D1F42351A6830034A81A /* LaunchScreen.storyboard */ = {
			isa = PBXVariantGroup;
			children = (
				37B0D1F52351A6830034A81A /* Base */,
			);
			name = LaunchScreen.storyboard;
			sourceTree = "<group>";
		};
/* End PBXVariantGroup section */

/* Begin XCBuildConfiguration section */
		37B0D2052351A6830034A81A /* Debug */ = {
			isa = XCBuildConfiguration;
			buildSettings = {
				ALWAYS_SEARCH_USER_PATHS = NO;
				CLANG_ANALYZER_NONNULL = YES;
				CLANG_ANALYZER_NUMBER_OBJECT_CONVERSION = YES_AGGRESSIVE;
				CLANG_CXX_LANGUAGE_STANDARD = "gnu++14";
				CLANG_CXX_LIBRARY = "libc++";
				CLANG_ENABLE_MODULES = YES;
				CLANG_ENABLE_OBJC_ARC = YES;
				CLANG_ENABLE_OBJC_WEAK = YES;
				CLANG_WARN_BLOCK_CAPTURE_AUTORELEASING = YES;
				CLANG_WARN_BOOL_CONVERSION = YES;
				CLANG_WARN_COMMA = YES;
				CLANG_WARN_CONSTANT_CONVERSION = YES;
				CLANG_WARN_DEPRECATED_OBJC_IMPLEMENTATIONS = YES;
				CLANG_WARN_DIRECT_OBJC_ISA_USAGE = YES_ERROR;
				CLANG_WARN_DOCUMENTATION_COMMENTS = YES;
				CLANG_WARN_EMPTY_BODY = YES;
				CLANG_WARN_ENUM_CONVERSION = YES;
				CLANG_WARN_INFINITE_RECURSION = YES;
				CLANG_WARN_INT_CONVERSION = YES;
				CLANG_WARN_NON_LITERAL_NULL_CONVERSION = YES;
				CLANG_WARN_OBJC_IMPLICIT_RETAIN_SELF = YES;
				CLANG_WARN_OBJC_LITERAL_CONVERSION = YES;
				CLANG_WARN_OBJC_ROOT_CLASS = YES_ERROR;
				CLANG_WARN_RANGE_LOOP_ANALYSIS = YES;
				CLANG_WARN_STRICT_PROTOTYPES = YES;
				CLANG_WARN_SUSPICIOUS_MOVE = YES;
				CLANG_WARN_UNGUARDED_AVAILABILITY = YES_AGGRESSIVE;
				CLANG_WARN_UNREACHABLE_CODE = YES;
				CLANG_WARN__DUPLICATE_METHOD_MATCH = YES;
				CODE_SIGN_IDENTITY = "iPhone Developer";
				COPY_PHASE_STRIP = NO;
				DEBUG_INFORMATION_FORMAT = dwarf;
				ENABLE_STRICT_OBJC_MSGSEND = YES;
				ENABLE_TESTABILITY = YES;
				GCC_C_LANGUAGE_STANDARD = gnu11;
				GCC_DYNAMIC_NO_PIC = NO;
				GCC_NO_COMMON_BLOCKS = YES;
				GCC_OPTIMIZATION_LEVEL = 0;
				GCC_PREPROCESSOR_DEFINITIONS = (
					"DEBUG=1",
					"$(inherited)",
				);
				GCC_WARN_64_TO_32_BIT_CONVERSION = YES;
				GCC_WARN_ABOUT_RETURN_TYPE = YES_ERROR;
				GCC_WARN_UNDECLARED_SELECTOR = YES;
				GCC_WARN_UNINITIALIZED_AUTOS = YES_AGGRESSIVE;
				GCC_WARN_UNUSED_FUNCTION = YES;
				GCC_WARN_UNUSED_VARIABLE = YES;
				IPHONEOS_DEPLOYMENT_TARGET = 12.4;
				MTL_ENABLE_DEBUG_INFO = INCLUDE_SOURCE;
				MTL_FAST_MATH = YES;
				ONLY_ACTIVE_ARCH = YES;
				SDKROOT = iphoneos;
			};
			name = Debug;
		};
		37B0D2062351A6830034A81A /* Release */ = {
			isa = XCBuildConfiguration;
			buildSettings = {
				ALWAYS_SEARCH_USER_PATHS = NO;
				CLANG_ANALYZER_NONNULL = YES;
				CLANG_ANALYZER_NUMBER_OBJECT_CONVERSION = YES_AGGRESSIVE;
				CLANG_CXX_LANGUAGE_STANDARD = "gnu++14";
				CLANG_CXX_LIBRARY = "libc++";
				CLANG_ENABLE_MODULES = YES;
				CLANG_ENABLE_OBJC_ARC = YES;
				CLANG_ENABLE_OBJC_WEAK = YES;
				CLANG_WARN_BLOCK_CAPTURE_AUTORELEASING = YES;
				CLANG_WARN_BOOL_CONVERSION = YES;
				CLANG_WARN_COMMA = YES;
				CLANG_WARN_CONSTANT_CONVERSION = YES;
				CLANG_WARN_DEPRECATED_OBJC_IMPLEMENTATIONS = YES;
				CLANG_WARN_DIRECT_OBJC_ISA_USAGE = YES_ERROR;
				CLANG_WARN_DOCUMENTATION_COMMENTS = YES;
				CLANG_WARN_EMPTY_BODY = YES;
				CLANG_WARN_ENUM_CONVERSION = YES;
				CLANG_WARN_INFINITE_RECURSION = YES;
				CLANG_WARN_INT_CONVERSION = YES;
				CLANG_WARN_NON_LITERAL_NULL_CONVERSION = YES;
				CLANG_WARN_OBJC_IMPLICIT_RETAIN_SELF = YES;
				CLANG_WARN_OBJC_LITERAL_CONVERSION = YES;
				CLANG_WARN_OBJC_ROOT_CLASS = YES_ERROR;
				CLANG_WARN_RANGE_LOOP_ANALYSIS = YES;
				CLANG_WARN_STRICT_PROTOTYPES = YES;
				CLANG_WARN_SUSPICIOUS_MOVE = YES;
				CLANG_WARN_UNGUARDED_AVAILABILITY = YES_AGGRESSIVE;
				CLANG_WARN_UNREACHABLE_CODE = YES;
				CLANG_WARN__DUPLICATE_METHOD_MATCH = YES;
				CODE_SIGN_IDENTITY = "iPhone Developer";
				COPY_PHASE_STRIP = NO;
				DEBUG_INFORMATION_FORMAT = "dwarf-with-dsym";
				ENABLE_NS_ASSERTIONS = NO;
				ENABLE_STRICT_OBJC_MSGSEND = YES;
				GCC_C_LANGUAGE_STANDARD = gnu11;
				GCC_NO_COMMON_BLOCKS = YES;
				GCC_WARN_64_TO_32_BIT_CONVERSION = YES;
				GCC_WARN_ABOUT_RETURN_TYPE = YES_ERROR;
				GCC_WARN_UNDECLARED_SELECTOR = YES;
				GCC_WARN_UNINITIALIZED_AUTOS = YES_AGGRESSIVE;
				GCC_WARN_UNUSED_FUNCTION = YES;
				GCC_WARN_UNUSED_VARIABLE = YES;
				IPHONEOS_DEPLOYMENT_TARGET = 12.4;
				MTL_ENABLE_DEBUG_INFO = NO;
				MTL_FAST_MATH = YES;
				SDKROOT = iphoneos;
				VALIDATE_PRODUCT = YES;
			};
			name = Release;
		};
		37B0D2082351A6830034A81A /* Debug */ = {
			isa = XCBuildConfiguration;
			buildSettings = {
				ASSETCATALOG_COMPILER_APPICON_NAME = AppIcon;
				CODE_SIGN_IDENTITY = "Apple Development";
				CODE_SIGN_STYLE = Automatic;
				DEVELOPMENT_TEAM = CC39248354;
				ENABLE_BITCODE = NO;
				FRAMEWORK_SEARCH_PATHS = (
					"$(inherited)",
					"$(PROJECT_DIR)/BiLuSDKDemo/BiLuSDKPa",
					"$(PROJECT_DIR)/BiLuSDKDemo/BiLuSDKPa/ShareSupport/Required",
					"$(PROJECT_DIR)/BiLuSDKDemo/BiLuSDKPa/ShareSupport/Optional",
					"$(PROJECT_DIR)/BiLuSDKDemo/BiLuSDKPa/ShareSupport/PlatformConnector",
					"$(PROJECT_DIR)/BiLuSDKDemo/BiLuSDKPa/AdsSDK",
					"$(PROJECT_DIR)/BiLuSDKDemo/BiLuSDKPa/ArpuSDK",
					"$(PROJECT_DIR)/BiLuSDKDemo/BiLuSDK",
					"$(PROJECT_DIR)/BiLuSDKDemo/BiLuSDK/ShareSupport/Required",
					"$(PROJECT_DIR)/BiLuSDKDemo/BiLuSDK/ShareSupport/Optional",
					"$(PROJECT_DIR)/BiLuSDKDemo/BiLuSDK/ShareSupport/PlatformConnector",
					"$(PROJECT_DIR)/BiLuSDKDemo/BiLuSDK/AdsSDK",
					"$(PROJECT_DIR)/BiLuSDKDemo/BiLuSDK/ArpuSDK",
				);
				INFOPLIST_FILE = BiLuSDKDemo/Info.plist;
				IPHONEOS_DEPLOYMENT_TARGET = 10.0;
				LD_RUNPATH_SEARCH_PATHS = (
					"$(inherited)",
					"@executable_path/Frameworks",
				);
				OTHER_LDFLAGS = "-ObjC";
				PRODUCT_BUNDLE_IDENTIFIER = com.bilu.appAdhoc;
				PRODUCT_NAME = "$(TARGET_NAME)";
				PROVISIONING_PROFILE_SPECIFIER = "";
				TARGETED_DEVICE_FAMILY = "1,2";
			};
			name = Debug;
		};
		37B0D2092351A6830034A81A /* Release */ = {
			isa = XCBuildConfiguration;
			buildSettings = {
				ASSETCATALOG_COMPILER_APPICON_NAME = AppIcon;
				CODE_SIGN_IDENTITY = "Apple Development";
				CODE_SIGN_STYLE = Automatic;
				DEVELOPMENT_TEAM = CC39248354;
				ENABLE_BITCODE = NO;
				FRAMEWORK_SEARCH_PATHS = (
					"$(inherited)",
					"$(PROJECT_DIR)/BiLuSDKDemo/BiLuSDKPa",
					"$(PROJECT_DIR)/BiLuSDKDemo/BiLuSDKPa/ShareSupport/Required",
					"$(PROJECT_DIR)/BiLuSDKDemo/BiLuSDKPa/ShareSupport/Optional",
					"$(PROJECT_DIR)/BiLuSDKDemo/BiLuSDKPa/ShareSupport/PlatformConnector",
					"$(PROJECT_DIR)/BiLuSDKDemo/BiLuSDKPa/AdsSDK",
					"$(PROJECT_DIR)/BiLuSDKDemo/BiLuSDKPa/ArpuSDK",
					"$(PROJECT_DIR)/BiLuSDKDemo/BiLuSDK",
					"$(PROJECT_DIR)/BiLuSDKDemo/BiLuSDK/ShareSupport/Required",
					"$(PROJECT_DIR)/BiLuSDKDemo/BiLuSDK/ShareSupport/Optional",
					"$(PROJECT_DIR)/BiLuSDKDemo/BiLuSDK/ShareSupport/PlatformConnector",
					"$(PROJECT_DIR)/BiLuSDKDemo/BiLuSDK/AdsSDK",
					"$(PROJECT_DIR)/BiLuSDKDemo/BiLuSDK/ArpuSDK",
				);
				INFOPLIST_FILE = BiLuSDKDemo/Info.plist;
				IPHONEOS_DEPLOYMENT_TARGET = 10.0;
				LD_RUNPATH_SEARCH_PATHS = (
					"$(inherited)",
					"@executable_path/Frameworks",
				);
				OTHER_LDFLAGS = "-ObjC";
				PRODUCT_BUNDLE_IDENTIFIER = com.bilu.appAdhoc;
				PRODUCT_NAME = "$(TARGET_NAME)";
				PROVISIONING_PROFILE_SPECIFIER = "";
				TARGETED_DEVICE_FAMILY = "1,2";
			};
			name = Release;
		};
		37B0D20B2351A6830034A81A /* Debug */ = {
			isa = XCBuildConfiguration;
			buildSettings = {
				BUNDLE_LOADER = "$(TEST_HOST)";
				CODE_SIGN_STYLE = Automatic;
				INFOPLIST_FILE = BiLuSDKDemoTests/Info.plist;
				LD_RUNPATH_SEARCH_PATHS = (
					"$(inherited)",
					"@executable_path/Frameworks",
					"@loader_path/Frameworks",
				);
				PRODUCT_BUNDLE_IDENTIFIER = com.mobile.BiLuSDKDemoTests;
				PRODUCT_NAME = "$(TARGET_NAME)";
				TARGETED_DEVICE_FAMILY = "1,2";
				TEST_HOST = "$(BUILT_PRODUCTS_DIR)/BiLuSDKDemo.app/BiLuSDKDemo";
			};
			name = Debug;
		};
		37B0D20C2351A6830034A81A /* Release */ = {
			isa = XCBuildConfiguration;
			buildSettings = {
				BUNDLE_LOADER = "$(TEST_HOST)";
				CODE_SIGN_STYLE = Automatic;
				INFOPLIST_FILE = BiLuSDKDemoTests/Info.plist;
				LD_RUNPATH_SEARCH_PATHS = (
					"$(inherited)",
					"@executable_path/Frameworks",
					"@loader_path/Frameworks",
				);
				PRODUCT_BUNDLE_IDENTIFIER = com.mobile.BiLuSDKDemoTests;
				PRODUCT_NAME = "$(TARGET_NAME)";
				TARGETED_DEVICE_FAMILY = "1,2";
				TEST_HOST = "$(BUILT_PRODUCTS_DIR)/BiLuSDKDemo.app/BiLuSDKDemo";
			};
			name = Release;
		};
/* End XCBuildConfiguration section */

/* Begin XCConfigurationList section */
		37B0D1E12351A6820034A81A /* Build configuration list for PBXProject "BiLuSDKDemo" */ = {
			isa = XCConfigurationList;
			buildConfigurations = (
				37B0D2052351A6830034A81A /* Debug */,
				37B0D2062351A6830034A81A /* Release */,
			);
			defaultConfigurationIsVisible = 0;
			defaultConfigurationName = Release;
		};
		37B0D2072351A6830034A81A /* Build configuration list for PBXNativeTarget "BiLuSDKDemo" */ = {
			isa = XCConfigurationList;
			buildConfigurations = (
				37B0D2082351A6830034A81A /* Debug */,
				37B0D2092351A6830034A81A /* Release */,
			);
			defaultConfigurationIsVisible = 0;
			defaultConfigurationName = Release;
		};
		37B0D20A2351A6830034A81A /* Build configuration list for PBXNativeTarget "BiLuSDKDemoTests" */ = {
			isa = XCConfigurationList;
			buildConfigurations = (
				37B0D20B2351A6830034A81A /* Debug */,
				37B0D20C2351A6830034A81A /* Release */,
			);
			defaultConfigurationIsVisible = 0;
			defaultConfigurationName = Release;
		};
/* End XCConfigurationList section */
	};
	rootObject = 37B0D1DE2351A6820034A81A /* Project object */;
}
